
Microsoft Visual Studio Solution File, Format Version 12.00
# Visual Studio Version 17
VisualStudioVersion = 17.7.34221.43
MinimumVisualStudioVersion = 10.0.40219.1
Project("{FAE04EC0-301F-11D3-BF4B-00C04F79EFBC}") = "PhoneNumber", "PhoneNumber\PhoneNumber.csproj", "{F263E8C8-7E34-4084-949C-8BCCE8CDBBC2}"
EndProject
Global
	GlobalSection(SolutionConfigurationPlatforms) = preSolution
		Debug|Any CPU = Debug|Any CPU
		Release|Any CPU = Release|Any CPU
	EndGlobalSection
	GlobalSection(ProjectConfigurationPlatforms) = postSolution
		{F263E8C8-7E34-4084-949C-8BCCE8CDBBC2}.Debug|Any CPU.ActiveCfg = Debug|Any CPU
		{F263E8C8-7E34-4084-949C-8BCCE8CDBBC2}.Debug|Any CPU.Build.0 = Debug|Any CPU
		{F263E8C8-7E34-4084-949C-8BCCE8CDBBC2}.Debug|Any CPU.Deploy.0 = Debug|Any CPU
		{F263E8C8-7E34-4084-949C-8BCCE8CDBBC2}.Release|Any CPU.ActiveCfg = Release|Any CPU
		{F263E8C8-7E34-4084-949C-8BCCE8CDBBC2}.Release|Any CPU.Build.0 = Release|Any CPU
		{F263E8C8-7E34-4084-949C-8BCCE8CDBBC2}.Release|Any CPU.Deploy.0 = Release|Any CPU
	EndGlobalSection
	GlobalSection(SolutionProperties) = preSolution
		HideSolutionNode = FALSE
	EndGlobalSection
	GlobalSection(ExtensibilityGlobals) = postSolution
		SolutionGuid = {B12EAC23-903E-4BBC-8F1E-96D99E4751D2}
	EndGlobalSection
EndGlobal
